{
  "name": "skillos-workspace",
  "version": "0.1.0",
  "lockfileVersion": 3,
  "requires": true,
  "packages": {
    "": {
      "name": "skillos-workspace",
      "version": "0.1.0",
      "license": "MIT",
      "workspaces": [
        "packages/*"
      ],
      "bin": {
        "skillos": "packages/cli/dist/index.js",
        "skillos-mcp-server": "packages/mcp-server/dist/index.js"
      },
      "devDependencies": {
        "@types/node": "^24.0.0",
        "typescript": "^5.8.3"
      },
      "engines": {
        "node": ">=20"
      }
    },
    "node_modules/@skillos/adapters": {
      "resolved": "packages/adapters",
      "link": true
    },
    "node_modules/@skillos/cli": {
      "resolved": "packages/cli",
      "link": true
    },
    "node_modules/@skillos/core": {
      "resolved": "packages/core",
      "link": true
    },
    "node_modules/@skillos/mcp-server": {
      "resolved": "packages/mcp-server",
      "link": true
    },
    "node_modules/@types/node": {
      "version": "24.13.1",
      "resolved": "https://registry.npmjs.org/@types/node/-/node-24.13.1.tgz",
      "integrity": "sha512-RSpUJGmvsJ1ZeBehQZFhIdpsz+bIpES0nIQXko4Ybq+N+kX6XvOq3Jo+iJ82FWLdblFq85AsMikd3m35jgezYg==",
      "dev": true,
      "license": "MIT",
      "dependencies": {
        "undici-types": "~7.18.0"
      }
    },
    "node_modules/typescript": {
      "version": "5.9.3",
      "resolved": "https://registry.npmjs.org/typescript/-/typescript-5.9.3.tgz",
      "integrity": "sha512-jl1vZzPDinLr9eUt3J/t7V6FgNEw9QjvBPdysz9KfQDD41fQrC2Y4vKQdiaUpFT4bXlb1RHhLpp8wtm6M5TgSw==",
      "dev": true,
      "license": "Apache-2.0",
      "bin": {
        "tsc": "bin/tsc",
        "tsserver": "bin/tsserver"
      },
      "engines": {
        "node": ">=14.17"
      }
    },
    "node_modules/undici-types": {
      "version": "7.18.2",
      "resolved": "https://registry.npmjs.org/undici-types/-/undici-types-7.18.2.tgz",
      "integrity": "sha512-AsuCzffGHJybSaRrmr5eHr81mwJU3kjw6M+uprWvCXiNeN9SOGwQ3Jn8jb8m3Z6izVgknn1R0FTCEAP2QrLY/w==",
      "dev": true,
      "license": "MIT"
    },
    "packages/adapters": {
      "name": "@skillos/adapters",
      "version": "0.1.0",
      "license": "MIT",
      "dependencies": {
        "@skillos/core": "0.1.0"
      },
      "engines": {
        "node": ">=20"
      }
    },
    "packages/cli": {
      "name": "@skillos/cli",
      "version": "0.1.0",
      "license": "MIT",
      "dependencies": {
        "@skillos/adapters": "0.1.0",
        "@skillos/core": "0.1.0",
        "@skillos/mcp-server": "0.1.0"
      },
      "bin": {
        "skillos": "dist/index.js"
      },
      "engines": {
        "node": ">=20"
      }
    },
    "packages/core": {
      "name": "@skillos/core",
      "version": "0.1.0",
      "license": "MIT",
      "engines": {
        "node": ">=20"
      }
    },
    "packages/mcp-server": {
      "name": "@skillos/mcp-server",
      "version": "0.1.0",
      "license": "MIT",
      "dependencies": {
        "@skillos/adapters": "0.1.0",
        "@skillos/core": "0.1.0"
      },
      "bin": {
        "skillos-mcp-server": "dist/index.js"
      },
      "engines": {
        "node": ">=20"
      }
    }
  }
}
